# This file was autogenerated by Stack.
# You should not edit this file by hand.
# For more information, please see the documentation at:
#   https://docs.haskellstack.org/en/stable/lock_files

packages:
- completed:
    hackage: cairo-0.13.10.0@sha256:7bce41dbfb1aa9a6723cd4373b3cfb55ecd3564df3a668afe74692f3b32f32c7,4271
    pantry-tree:
      sha256: 10dea7c5189d913ae553e2f82276bc45eee9c11123f0626be09b85e5d2e56a5a
      size: 2831
  original:
    hackage: cairo-0.13.10.0
- completed:
    hackage: gtk2hs-buildtools-0.13.10.0@sha256:7e99ef093ad53121e3ce2874f3100700b5bf4f279ad4fc2a316d5d1323cc9399,5466
    pantry-tree:
      sha256: cef1a7d98f8a35306835c13f0375046b44d436c84ab53e1dda9143e5d9f12350
      size: 3588
  original:
    hackage: gtk2hs-buildtools-0.13.10.0
- completed:
    hackage: html-conduit-1.3.2.2@sha256:14c6d87d10cd2ae77a548c71101fa09b7d86bb8cdf14646588b3dcce06ddd6a3,2177
    pantry-tree:
      sha256: a086abb217aeb4301b4fff1c5d59aeb7114d2c9631cf76975855eaedfb904aaf
      size: 504
  original:
    hackage: html-conduit-1.3.2.2
- completed:
    hackage: sdl2-cairo-0.1.1.0@sha256:7a45e41b646ed1f3bfbfc761344c96fae9a367b35e0cfec4b7d2fde1595f9bd2,2072
    pantry-tree:
      sha256: 5ee2102dfbdeddd266fc8474f2f5e92c5ae334778fff7a58bcada458d0de293f
      size: 408
  original:
    hackage: sdl2-cairo-0.1.1.0
snapshots:
- completed:
    sha256: a81fb3877c4f9031e1325eb3935122e608d80715dc16b586eb11ddbff8671ecd
    size: 640086
    url: https://raw.githubusercontent.com/commercialhaskell/stackage-snapshots/master/lts/21/25.yaml
  original: lts-21.25
