# This file was autogenerated by Stack.
# You should not edit this file by hand.
# For more information, please see the documentation at:
#   https://docs.haskellstack.org/en/stable/topics/lock_files

packages:
- completed:
    hackage: cairo-0.13.12.0@sha256:e060ea5220c080cfe1aefbfcdf28d074d731b51edfa25649bde28895036e876c,4222
    pantry-tree:
      sha256: 5bb23c7a019cbf6ade22a48d96ffeb79e815aa316eb81228202272f592ebbeed
      size: 2831
  original:
    hackage: cairo-0.13.12.0
- completed:
    hackage: gtk2hs-buildtools-0.13.12.0@sha256:e6312c122bfb8b549594d65ad69494d7d14ff19bb2b15d81110284dbef1fc02d,5368
    pantry-tree:
      sha256: 004f8e4d839cedb08290724c093dcec1c622cca4ae877947f52e02455d987802
      size: 3588
  original:
    hackage: gtk2hs-buildtools-0.13.12.0
- completed:
    hackage: html-conduit-1.3.2.2@sha256:14c6d87d10cd2ae77a548c71101fa09b7d86bb8cdf14646588b3dcce06ddd6a3,2177
    pantry-tree:
      sha256: a086abb217aeb4301b4fff1c5d59aeb7114d2c9631cf76975855eaedfb904aaf
      size: 504
  original:
    hackage: html-conduit-1.3.2.2
- completed:
    hackage: sdl2-cairo-0.2@sha256:f4136fe6ffa5f625725ef43391178bfb59c40eeaf985d78fba16e594d6f9dc08,1134
    pantry-tree:
      sha256: 1386db4b3a942d7ca4c2215e2662537d1312ebfa9087b79f5430dca94547af39
      size: 211
  original:
    hackage: sdl2-cairo-0.2
- completed:
    name: cairo-canvas
    pantry-tree:
      sha256: db129723448ac00d65ad22858eaa88acc8c3c3f1e2b87154ee8f1f5bc878924a
      size: 796
    sha256: 52bf238bcee2efe8271e0bea6991944d25ab497fed7160bab8ef7e105ad53e8a
    size: 14422
    url: https://github.com/EarlGray/cairo-canvas/archive/8e031fd5682c5c5d3e7310a4e3ac49f60f193982.tar.gz
    version: 0.1.0.1
  original:
    url: https://github.com/EarlGray/cairo-canvas/archive/8e031fd5682c5c5d3e7310a4e3ac49f60f193982.tar.gz
snapshots:
- completed:
    sha256: 238fa745b64f91184f9aa518fe04bdde6552533d169b0da5256670df83a0f1a9
    size: 721141
    url: https://raw.githubusercontent.com/commercialhaskell/stackage-snapshots/master/lts/22/44.yaml
  original: lts-22.44
